
Microsoft Visual Studio Solution File, Format Version 12.00
# Visual Studio 2012
Project("{FAE04EC0-301F-11D3-BF4B-00C04F79EFBC}") = "SQLGeneration", "SQLGeneration\SQLGeneration.csproj", "{A57BC336-3100-415B-91A5-B779CC64EF91}"
EndProject
Project("{FAE04EC0-301F-11D3-BF4B-00C04F79EFBC}") = "SQLGeneration.Tests", "SQLGeneration.Tests\SQLGeneration.Tests.csproj", "{0B721A48-59F1-4D97-A321-5C1A56BC68A1}"
EndProject
Global
	GlobalSection(TestCaseManagementSettings) = postSolution
		CategoryFile = SQLGeneration.vsmdi
	EndGlobalSection
	GlobalSection(SolutionConfigurationPlatforms) = preSolution
		Debug|Any CPU = Debug|Any CPU
		Release|Any CPU = Release|Any CPU
	EndGlobalSection
	GlobalSection(ProjectConfigurationPlatforms) = postSolution
		{A57BC336-3100-415B-91A5-B779CC64EF91}.Debug|Any CPU.ActiveCfg = Debug|Any CPU
		{A57BC336-3100-415B-91A5-B779CC64EF91}.Debug|Any CPU.Build.0 = Debug|Any CPU
		{A57BC336-3100-415B-91A5-B779CC64EF91}.Release|Any CPU.ActiveCfg = Release|Any CPU
		{A57BC336-3100-415B-91A5-B779CC64EF91}.Release|Any CPU.Build.0 = Release|Any CPU
		{0B721A48-59F1-4D97-A321-5C1A56BC68A1}.Debug|Any CPU.ActiveCfg = Debug|Any CPU
		{0B721A48-59F1-4D97-A321-5C1A56BC68A1}.Debug|Any CPU.Build.0 = Debug|Any CPU
		{0B721A48-59F1-4D97-A321-5C1A56BC68A1}.Release|Any CPU.ActiveCfg = Release|Any CPU
		{0B721A48-59F1-4D97-A321-5C1A56BC68A1}.Release|Any CPU.Build.0 = Release|Any CPU
	EndGlobalSection
	GlobalSection(SolutionProperties) = preSolution
		HideSolutionNode = FALSE
	EndGlobalSection
EndGlobal
